
Microsoft Visual Studio Solution File, Format Version 12.00
# Visual Studio Version 17
VisualStudioVersion = 17.3.32811.315
MinimumVisualStudioVersion = 10.0.40219.1
Project("{FAE04EC0-301F-11D3-BF4B-00C04F79EFBC}") = "MVCDemo", "MVCDemo\MVCDemo.csproj", "{4B004845-FDF7-4772-B705-8EA6DDEC2E71}"
EndProject
Global
	GlobalSection(SolutionConfigurationPlatforms) = preSolution
		Debug|Any CPU = Debug|Any CPU
		Release|Any CPU = Release|Any CPU
	EndGlobalSection
	GlobalSection(ProjectConfigurationPlatforms) = postSolution
		{4B004845-FDF7-4772-B705-8EA6DDEC2E71}.Debug|Any CPU.ActiveCfg = Debug|Any CPU
		{4B004845-FDF7-4772-B705-8EA6DDEC2E71}.Debug|Any CPU.Build.0 = Debug|Any CPU
		{4B004845-FDF7-4772-B705-8EA6DDEC2E71}.Release|Any CPU.ActiveCfg = Release|Any CPU
		{4B004845-FDF7-4772-B705-8EA6DDEC2E71}.Release|Any CPU.Build.0 = Release|Any CPU
	EndGlobalSection
	GlobalSection(SolutionProperties) = preSolution
		HideSolutionNode = FALSE
	EndGlobalSection
	GlobalSection(ExtensibilityGlobals) = postSolution
		SolutionGuid = {7D66FE69-2BB7-498C-B44B-B7E76B01C7E5}
	EndGlobalSection
EndGlobal
